
Microsoft Visual Studio Solution File, Format Version 12.00
# Visual Studio Version 17
VisualStudioVersion = 17.9.34701.34
MinimumVisualStudioVersion = 10.0.40219.1
Project("{FAE04EC0-301F-11D3-BF4B-00C04F79EFBC}") = "Backend", "Backend\Backend.csproj", "{1AF3B1BD-3300-45CD-9A52-30A7BE9ACE31}"
EndProject
Global
	GlobalSection(SolutionConfigurationPlatforms) = preSolution
		Debug|Any CPU = Debug|Any CPU
		Release|Any CPU = Release|Any CPU
	EndGlobalSection
	GlobalSection(ProjectConfigurationPlatforms) = postSolution
		{1AF3B1BD-3300-45CD-9A52-30A7BE9ACE31}.Debug|Any CPU.ActiveCfg = Debug|Any CPU
		{1AF3B1BD-3300-45CD-9A52-30A7BE9ACE31}.Debug|Any CPU.Build.0 = Debug|Any CPU
		{1AF3B1BD-3300-45CD-9A52-30A7BE9ACE31}.Release|Any CPU.ActiveCfg = Release|Any CPU
		{1AF3B1BD-3300-45CD-9A52-30A7BE9ACE31}.Release|Any CPU.Build.0 = Release|Any CPU
	EndGlobalSection
	GlobalSection(SolutionProperties) = preSolution
		HideSolutionNode = FALSE
	EndGlobalSection
	GlobalSection(ExtensibilityGlobals) = postSolution
		SolutionGuid = {A560169C-F729-4457-9653-1BB427F39C15}
	EndGlobalSection
EndGlobal
